
Microsoft Visual Studio Solution File, Format Version 12.00
# Visual Studio Version 17
VisualStudioVersion = 17.5.33530.505
MinimumVisualStudioVersion = 10.0.40219.1
Project("{FAE04EC0-301F-11D3-BF4B-00C04F79EFBC}") = "CENTENARUL-MARII-UNIRI", "CENTENARUL-MARII-UNIRI\CENTENARUL-MARII-UNIRI.csproj", "{6E15DFC2-26D4-4B6C-B0FB-F43BFF31B2B4}"
EndProject
Global
	GlobalSection(SolutionConfigurationPlatforms) = preSolution
		Debug|Any CPU = Debug|Any CPU
		Release|Any CPU = Release|Any CPU
	EndGlobalSection
	GlobalSection(ProjectConfigurationPlatforms) = postSolution
		{6E15DFC2-26D4-4B6C-B0FB-F43BFF31B2B4}.Debug|Any CPU.ActiveCfg = Debug|Any CPU
		{6E15DFC2-26D4-4B6C-B0FB-F43BFF31B2B4}.Debug|Any CPU.Build.0 = Debug|Any CPU
		{6E15DFC2-26D4-4B6C-B0FB-F43BFF31B2B4}.Release|Any CPU.ActiveCfg = Release|Any CPU
		{6E15DFC2-26D4-4B6C-B0FB-F43BFF31B2B4}.Release|Any CPU.Build.0 = Release|Any CPU
	EndGlobalSection
	GlobalSection(SolutionProperties) = preSolution
		HideSolutionNode = FALSE
	EndGlobalSection
	GlobalSection(ExtensibilityGlobals) = postSolution
		SolutionGuid = {AF50680A-8454-4F1C-8703-A54E7DDE4A5D}
	EndGlobalSection
EndGlobal
